
Microsoft Visual Studio Solution File, Format Version 12.00
# Visual Studio Version 16
VisualStudioVersion = 16.0.31729.503
MinimumVisualStudioVersion = 10.0.40219.1
Project("{FAE04EC0-301F-11D3-BF4B-00C04F79EFBC}") = "DecoratorPattern", "DecoratorPattern\DecoratorPattern.csproj", "{DDD1290D-D067-4727-9FD3-A7052C9D44E7}"
EndProject
Project("{FAE04EC0-301F-11D3-BF4B-00C04F79EFBC}") = "DecoratorLibrary", "DecoratorLibrary\DecoratorLibrary.csproj", "{27CC8840-4AAD-4AAF-BFBC-48D4BD2AEF4D}"
EndProject
Global
	GlobalSection(SolutionConfigurationPlatforms) = preSolution
		Debug|Any CPU = Debug|Any CPU
		Release|Any CPU = Release|Any CPU
	EndGlobalSection
	GlobalSection(ProjectConfigurationPlatforms) = postSolution
		{DDD1290D-D067-4727-9FD3-A7052C9D44E7}.Debug|Any CPU.ActiveCfg = Debug|Any CPU
		{DDD1290D-D067-4727-9FD3-A7052C9D44E7}.Debug|Any CPU.Build.0 = Debug|Any CPU
		{DDD1290D-D067-4727-9FD3-A7052C9D44E7}.Release|Any CPU.ActiveCfg = Release|Any CPU
		{DDD1290D-D067-4727-9FD3-A7052C9D44E7}.Release|Any CPU.Build.0 = Release|Any CPU
		{27CC8840-4AAD-4AAF-BFBC-48D4BD2AEF4D}.Debug|Any CPU.ActiveCfg = Debug|Any CPU
		{27CC8840-4AAD-4AAF-BFBC-48D4BD2AEF4D}.Debug|Any CPU.Build.0 = Debug|Any CPU
		{27CC8840-4AAD-4AAF-BFBC-48D4BD2AEF4D}.Release|Any CPU.ActiveCfg = Release|Any CPU
		{27CC8840-4AAD-4AAF-BFBC-48D4BD2AEF4D}.Release|Any CPU.Build.0 = Release|Any CPU
	EndGlobalSection
	GlobalSection(SolutionProperties) = preSolution
		HideSolutionNode = FALSE
	EndGlobalSection
	GlobalSection(ExtensibilityGlobals) = postSolution
		SolutionGuid = {2BC76EEF-A266-4203-97AF-53AA6E60C421}
	EndGlobalSection
EndGlobal
